
Microsoft Visual Studio Solution File, Format Version 12.00
# Visual Studio Version 17
VisualStudioVersion = 17.3.32811.315
MinimumVisualStudioVersion = 10.0.40219.1
Project("{FAE04EC0-301F-11D3-BF4B-00C04F79EFBC}") = "circle objects", "circle objects\circle objects.csproj", "{3664FE4D-6B79-4332-8833-CBE776254F6E}"
EndProject
Global
	GlobalSection(SolutionConfigurationPlatforms) = preSolution
		Debug|Any CPU = Debug|Any CPU
		Release|Any CPU = Release|Any CPU
	EndGlobalSection
	GlobalSection(ProjectConfigurationPlatforms) = postSolution
		{3664FE4D-6B79-4332-8833-CBE776254F6E}.Debug|Any CPU.ActiveCfg = Debug|Any CPU
		{3664FE4D-6B79-4332-8833-CBE776254F6E}.Debug|Any CPU.Build.0 = Debug|Any CPU
		{3664FE4D-6B79-4332-8833-CBE776254F6E}.Release|Any CPU.ActiveCfg = Release|Any CPU
		{3664FE4D-6B79-4332-8833-CBE776254F6E}.Release|Any CPU.Build.0 = Release|Any CPU
	EndGlobalSection
	GlobalSection(SolutionProperties) = preSolution
		HideSolutionNode = FALSE
	EndGlobalSection
	GlobalSection(ExtensibilityGlobals) = postSolution
		SolutionGuid = {B4416336-4439-4BA7-89FA-BF475CCE3E69}
	EndGlobalSection
EndGlobal
